
Microsoft Visual Studio Solution File, Format Version 12.00
# Visual Studio Version 16
VisualStudioVersion = 16.0.35826.135
MinimumVisualStudioVersion = 10.0.40219.1
Project("{8BC9CEB8-8B4A-11D0-8D11-00A0C91BC942}") = "Exercise11_SingleNumber", "Exercise11_SingleNumber\Exercise11_SingleNumber.vcxproj", "{35A91980-09D5-41CB-90BF-D8FA8062BB5B}"
EndProject
Global
	GlobalSection(SolutionConfigurationPlatforms) = preSolution
		Debug|x64 = Debug|x64
		Debug|x86 = Debug|x86
		Release|x64 = Release|x64
		Release|x86 = Release|x86
	EndGlobalSection
	GlobalSection(ProjectConfigurationPlatforms) = postSolution
		{35A91980-09D5-41CB-90BF-D8FA8062BB5B}.Debug|x64.ActiveCfg = Debug|x64
		{35A91980-09D5-41CB-90BF-D8FA8062BB5B}.Debug|x64.Build.0 = Debug|x64
		{35A91980-09D5-41CB-90BF-D8FA8062BB5B}.Debug|x86.ActiveCfg = Debug|Win32
		{35A91980-09D5-41CB-90BF-D8FA8062BB5B}.Debug|x86.Build.0 = Debug|Win32
		{35A91980-09D5-41CB-90BF-D8FA8062BB5B}.Release|x64.ActiveCfg = Release|x64
		{35A91980-09D5-41CB-90BF-D8FA8062BB5B}.Release|x64.Build.0 = Release|x64
		{35A91980-09D5-41CB-90BF-D8FA8062BB5B}.Release|x86.ActiveCfg = Release|Win32
		{35A91980-09D5-41CB-90BF-D8FA8062BB5B}.Release|x86.Build.0 = Release|Win32
	EndGlobalSection
	GlobalSection(SolutionProperties) = preSolution
		HideSolutionNode = FALSE
	EndGlobalSection
	GlobalSection(ExtensibilityGlobals) = postSolution
		SolutionGuid = {497D8DDE-0EE9-49ED-9ADB-D667129EE15C}
	EndGlobalSection
EndGlobal
